
Microsoft Visual Studio Solution File, Format Version 12.00
# Visual Studio Version 16
VisualStudioVersion = 16.0.31605.320
MinimumVisualStudioVersion = 10.0.40219.1
Project("{9A19103F-16F7-4668-BE54-9A1E7A4F7556}") = "BinarySearch", "BinarySearch\BinarySearch.csproj", "{5239F3A3-AB2A-4BFF-B144-2DCEC7F00D36}"
EndProject
Project("{9A19103F-16F7-4668-BE54-9A1E7A4F7556}") = "BubbleSort", "BubbleSort\BubbleSort.csproj", "{1C0FDED6-9D2B-4E4A-A7EE-2F50BC9FF365}"
EndProject
Project("{2150E333-8FDC-42A3-9474-1A3956D46DE8}") = "Solution Items", "Solution Items", "{509EEB1A-741A-4745-80A9-A3B2A16B5696}"
	ProjectSection(SolutionItems) = preProject
		README.md = README.md
	EndProjectSection
EndProject
Project("{9A19103F-16F7-4668-BE54-9A1E7A4F7556}") = "InsertionSort", "InsertionSort\InsertionSort.csproj", "{FBA76138-F973-4A24-8D76-1F3F0D069A59}"
EndProject
Project("{9A19103F-16F7-4668-BE54-9A1E7A4F7556}") = "MergeSort", "MergeSort\MergeSort.csproj", "{BA72699E-9FA3-423B-B139-88C1D2C7BB5D}"
EndProject
Project("{9A19103F-16F7-4668-BE54-9A1E7A4F7556}") = "QuickSort", "QuickSort\QuickSort.csproj", "{520DBC03-AEBC-498A-B869-936E99990632}"
EndProject
Project("{9A19103F-16F7-4668-BE54-9A1E7A4F7556}") = "EratosthenesKalburu", "EratosthenesKalburu\EratosthenesKalburu.csproj", "{61775676-82E9-4582-B023-5FE0CEC5477A}"
EndProject
Project("{2150E333-8FDC-42A3-9474-1A3956D46DE8}") = "Examples", "Examples", "{D5EBA4A0-DED6-4D78-AC46-99A3C3753A56}"
EndProject
Project("{FAE04EC0-301F-11D3-BF4B-00C04F79EFBC}") = "StairsHackerRank", "StairsHackerRank\StairsHackerRank.csproj", "{49CFAE04-D8AA-4264-AAFF-A2AE34CCE007}"
EndProject
Project("{FAE04EC0-301F-11D3-BF4B-00C04F79EFBC}") = "MinMaxSumHackerRank", "MinMaxSumHackerRank\MinMaxSumHackerRank.csproj", "{5FCFE885-4ECC-4A00-B569-B33D81BA9073}"
EndProject
Project("{FAE04EC0-301F-11D3-BF4B-00C04F79EFBC}") = "TimeConversionHackerRank", "TimeConversionHackerRank\TimeConversionHackerRank.csproj", "{90ED0591-36D5-4DBA-AD15-6AD8643E54ED}"
EndProject
Global
	GlobalSection(SolutionConfigurationPlatforms) = preSolution
		Debug|Any CPU = Debug|Any CPU
		Release|Any CPU = Release|Any CPU
	EndGlobalSection
	GlobalSection(ProjectConfigurationPlatforms) = postSolution
		{5239F3A3-AB2A-4BFF-B144-2DCEC7F00D36}.Debug|Any CPU.ActiveCfg = Debug|Any CPU
		{5239F3A3-AB2A-4BFF-B144-2DCEC7F00D36}.Debug|Any CPU.Build.0 = Debug|Any CPU
		{5239F3A3-AB2A-4BFF-B144-2DCEC7F00D36}.Release|Any CPU.ActiveCfg = Release|Any CPU
		{5239F3A3-AB2A-4BFF-B144-2DCEC7F00D36}.Release|Any CPU.Build.0 = Release|Any CPU
		{1C0FDED6-9D2B-4E4A-A7EE-2F50BC9FF365}.Debug|Any CPU.ActiveCfg = Debug|Any CPU
		{1C0FDED6-9D2B-4E4A-A7EE-2F50BC9FF365}.Debug|Any CPU.Build.0 = Debug|Any CPU
		{1C0FDED6-9D2B-4E4A-A7EE-2F50BC9FF365}.Release|Any CPU.ActiveCfg = Release|Any CPU
		{1C0FDED6-9D2B-4E4A-A7EE-2F50BC9FF365}.Release|Any CPU.Build.0 = Release|Any CPU
		{FBA76138-F973-4A24-8D76-1F3F0D069A59}.Debug|Any CPU.ActiveCfg = Debug|Any CPU
		{FBA76138-F973-4A24-8D76-1F3F0D069A59}.Debug|Any CPU.Build.0 = Debug|Any CPU
		{FBA76138-F973-4A24-8D76-1F3F0D069A59}.Release|Any CPU.ActiveCfg = Release|Any CPU
		{FBA76138-F973-4A24-8D76-1F3F0D069A59}.Release|Any CPU.Build.0 = Release|Any CPU
		{BA72699E-9FA3-423B-B139-88C1D2C7BB5D}.Debug|Any CPU.ActiveCfg = Debug|Any CPU
		{BA72699E-9FA3-423B-B139-88C1D2C7BB5D}.Debug|Any CPU.Build.0 = Debug|Any CPU
		{BA72699E-9FA3-423B-B139-88C1D2C7BB5D}.Release|Any CPU.ActiveCfg = Release|Any CPU
		{BA72699E-9FA3-423B-B139-88C1D2C7BB5D}.Release|Any CPU.Build.0 = Release|Any CPU
		{520DBC03-AEBC-498A-B869-936E99990632}.Debug|Any CPU.ActiveCfg = Debug|Any CPU
		{520DBC03-AEBC-498A-B869-936E99990632}.Debug|Any CPU.Build.0 = Debug|Any CPU
		{520DBC03-AEBC-498A-B869-936E99990632}.Release|Any CPU.ActiveCfg = Release|Any CPU
		{520DBC03-AEBC-498A-B869-936E99990632}.Release|Any CPU.Build.0 = Release|Any CPU
		{61775676-82E9-4582-B023-5FE0CEC5477A}.Debug|Any CPU.ActiveCfg = Debug|Any CPU
		{61775676-82E9-4582-B023-5FE0CEC5477A}.Debug|Any CPU.Build.0 = Debug|Any CPU
		{61775676-82E9-4582-B023-5FE0CEC5477A}.Release|Any CPU.ActiveCfg = Release|Any CPU
		{61775676-82E9-4582-B023-5FE0CEC5477A}.Release|Any CPU.Build.0 = Release|Any CPU
		{49CFAE04-D8AA-4264-AAFF-A2AE34CCE007}.Debug|Any CPU.ActiveCfg = Debug|Any CPU
		{49CFAE04-D8AA-4264-AAFF-A2AE34CCE007}.Debug|Any CPU.Build.0 = Debug|Any CPU
		{49CFAE04-D8AA-4264-AAFF-A2AE34CCE007}.Release|Any CPU.ActiveCfg = Release|Any CPU
		{49CFAE04-D8AA-4264-AAFF-A2AE34CCE007}.Release|Any CPU.Build.0 = Release|Any CPU
		{5FCFE885-4ECC-4A00-B569-B33D81BA9073}.Debug|Any CPU.ActiveCfg = Debug|Any CPU
		{5FCFE885-4ECC-4A00-B569-B33D81BA9073}.Debug|Any CPU.Build.0 = Debug|Any CPU
		{5FCFE885-4ECC-4A00-B569-B33D81BA9073}.Release|Any CPU.ActiveCfg = Release|Any CPU
		{5FCFE885-4ECC-4A00-B569-B33D81BA9073}.Release|Any CPU.Build.0 = Release|Any CPU
		{90ED0591-36D5-4DBA-AD15-6AD8643E54ED}.Debug|Any CPU.ActiveCfg = Debug|Any CPU
		{90ED0591-36D5-4DBA-AD15-6AD8643E54ED}.Debug|Any CPU.Build.0 = Debug|Any CPU
		{90ED0591-36D5-4DBA-AD15-6AD8643E54ED}.Release|Any CPU.ActiveCfg = Release|Any CPU
		{90ED0591-36D5-4DBA-AD15-6AD8643E54ED}.Release|Any CPU.Build.0 = Release|Any CPU
	EndGlobalSection
	GlobalSection(SolutionProperties) = preSolution
		HideSolutionNode = FALSE
	EndGlobalSection
	GlobalSection(NestedProjects) = preSolution
		{49CFAE04-D8AA-4264-AAFF-A2AE34CCE007} = {D5EBA4A0-DED6-4D78-AC46-99A3C3753A56}
		{5FCFE885-4ECC-4A00-B569-B33D81BA9073} = {D5EBA4A0-DED6-4D78-AC46-99A3C3753A56}
		{90ED0591-36D5-4DBA-AD15-6AD8643E54ED} = {D5EBA4A0-DED6-4D78-AC46-99A3C3753A56}
	EndGlobalSection
	GlobalSection(ExtensibilityGlobals) = postSolution
		SolutionGuid = {E61CE6EE-DAAE-4D15-9E92-29582520B0AE}
	EndGlobalSection
EndGlobal
